// !$*UTF8*$!
{
	archiveVersion = 1;
	classes = {
	};
	objectVersion = 51;
	objects = {

/* Begin PBXBuildFile section */
		0E41904DB45DBB48F414287E /* Pods_MannaHouseCheckIn.framework in Frameworks */ = {isa = PBXBuildFile; fileRef = C84BCDD98E0B1B57546C4EDB /* Pods_MannaHouseCheckIn.framework */; };
		3F9DE6DA22DE660500C33BF1 /* AppDelegate.swift in Sources */ = {isa = PBXBuildFile; fileRef = 3F9DE6D922DE660500C33BF1 /* AppDelegate.swift */; };
		3F9DE6DC22DE660500C33BF1 /* ViewController.swift in Sources */ = {isa = PBXBuildFile; fileRef = 3F9DE6DB22DE660500C33BF1 /* ViewController.swift */; };
		3F9DE6DF22DE660500C33BF1 /* Main.storyboard in Resources */ = {isa = PBXBuildFile; fileRef = 3F9DE6DD22DE660500C33BF1 /* Main.storyboard */; };
		3F9DE6E122DE660700C33BF1 /* Assets.xcassets in Resources */ = {isa = PBXBuildFile; fileRef = 3F9DE6E022DE660700C33BF1 /* Assets.xcassets */; };
		3F9DE6E422DE660700C33BF1 /* LaunchScreen.storyboard in Resources */ = {isa = PBXBuildFile; fileRef = 3F9DE6E222DE660700C33BF1 /* LaunchScreen.storyboard */; };
		3F9DE6EC22DE661500C33BF1 /* GoogleService-Info.plist in Resources */ = {isa = PBXBuildFile; fileRef = 3F9DE6EB22DE661500C33BF1 /* GoogleService-Info.plist */; };
		3F9DE6EE22DE754300C33BF1 /* CampusInfo.swift in Sources */ = {isa = PBXBuildFile; fileRef = 3F9DE6ED22DE754300C33BF1 /* CampusInfo.swift */; };
		3F9DE6F122DE88FB00C33BF1 /* FireStoreFetch.swift in Sources */ = {isa = PBXBuildFile; fileRef = 3F9DE6F022DE88FB00C33BF1 /* FireStoreFetch.swift */; };
		3F9DE6F422DE8D5800C33BF1 /* Anchor.swift in Sources */ = {isa = PBXBuildFile; fileRef = 3F9DE6F322DE8D5800C33BF1 /* Anchor.swift */; };
		3F9DE6F622DF7BC800C33BF1 /* ColorExtensions.swift in Sources */ = {isa = PBXBuildFile; fileRef = 3F9DE6F522DF7BC800C33BF1 /* ColorExtensions.swift */; };
		3F9DE71922E0C60900C33BF1 /* Campus.swift in Sources */ = {isa = PBXBuildFile; fileRef = 3F9DE71822E0C60900C33BF1 /* Campus.swift */; };
		3F9DE71E22E0C9ED00C33BF1 /* MainPage.swift in Sources */ = {isa = PBXBuildFile; fileRef = 3F9DE71D22E0C9ED00C33BF1 /* MainPage.swift */; };
		3F9DE72022E0CE2F00C33BF1 /* HideDefaultNavBar.swift in Sources */ = {isa = PBXBuildFile; fileRef = 3F9DE71F22E0CE2F00C33BF1 /* HideDefaultNavBar.swift */; };
		3F9DE72222E0CF6D00C33BF1 /* CustomSegmentedControl.swift in Sources */ = {isa = PBXBuildFile; fileRef = 3F9DE72122E0CF6D00C33BF1 /* CustomSegmentedControl.swift */; };
/* End PBXBuildFile section */

/* Begin PBXFileReference section */
		3F9DE6D622DE660500C33BF1 /* MannaHouseCheckIn.app */ = {isa = PBXFileReference; explicitFileType = wrapper.application; includeInIndex = 0; path = MannaHouseCheckIn.app; sourceTree = BUILT_PRODUCTS_DIR; };
		3F9DE6D922DE660500C33BF1 /* AppDelegate.swift */ = {isa = PBXFileReference; lastKnownFileType = sourcecode.swift; path = AppDelegate.swift; sourceTree = "<group>"; };
		3F9DE6DB22DE660500C33BF1 /* ViewController.swift */ = {isa = PBXFileReference; lastKnownFileType = sourcecode.swift; path = ViewController.swift; sourceTree = "<group>"; };
		3F9DE6DE22DE660500C33BF1 /* Base */ = {isa = PBXFileReference; lastKnownFileType = file.storyboard; name = Base; path = Base.lproj/Main.storyboard; sourceTree = "<group>"; };
		3F9DE6E022DE660700C33BF1 /* Assets.xcassets */ = {isa = PBXFileReference; lastKnownFileType = folder.assetcatalog; path = Assets.xcassets; sourceTree = "<group>"; };
		3F9DE6E322DE660700C33BF1 /* Base */ = {isa = PBXFileReference; lastKnownFileType = file.storyboard; name = Base; path = Base.lproj/LaunchScreen.storyboard; sourceTree = "<group>"; };
		3F9DE6E522DE660700C33BF1 /* Info.plist */ = {isa = PBXFileReference; lastKnownFileType = text.plist.xml; path = Info.plist; sourceTree = "<group>"; };
		3F9DE6EB22DE661500C33BF1 /* GoogleService-Info.plist */ = {isa = PBXFileReference; fileEncoding = 4; lastKnownFileType = text.plist.xml; path = "GoogleService-Info.plist"; sourceTree = "<group>"; };
		3F9DE6ED22DE754300C33BF1 /* CampusInfo.swift */ = {isa = PBXFileReference; lastKnownFileType = sourcecode.swift; path = CampusInfo.swift; sourceTree = "<group>"; };
		3F9DE6F022DE88FB00C33BF1 /* FireStoreFetch.swift */ = {isa = PBXFileReference; lastKnownFileType = sourcecode.swift; path = FireStoreFetch.swift; sourceTree = "<group>"; };
		3F9DE6F322DE8D5800C33BF1 /* Anchor.swift */ = {isa = PBXFileReference; fileEncoding = 4; lastKnownFileType = sourcecode.swift; path = Anchor.swift; sourceTree = "<group>"; };
		3F9DE6F522DF7BC800C33BF1 /* ColorExtensions.swift */ = {isa = PBXFileReference; lastKnownFileType = sourcecode.swift; path = ColorExtensions.swift; sourceTree = "<group>"; };
		3F9DE71822E0C60900C33BF1 /* Campus.swift */ = {isa = PBXFileReference; lastKnownFileType = sourcecode.swift; path = Campus.swift; sourceTree = "<group>"; };
		3F9DE71D22E0C9ED00C33BF1 /* MainPage.swift */ = {isa = PBXFileReference; lastKnownFileType = sourcecode.swift; path = MainPage.swift; sourceTree = "<group>"; };
		3F9DE71F22E0CE2F00C33BF1 /* HideDefaultNavBar.swift */ = {isa = PBXFileReference; lastKnownFileType = sourcecode.swift; path = HideDefaultNavBar.swift; sourceTree = "<group>"; };
		3F9DE72122E0CF6D00C33BF1 /* CustomSegmentedControl.swift */ = {isa = PBXFileReference; lastKnownFileType = sourcecode.swift; path = CustomSegmentedControl.swift; sourceTree = "<group>"; };
		5E6526209C6F3E09A4889762 /* Pods-MannaHouseCheckIn.release.xcconfig */ = {isa = PBXFileReference; includeInIndex = 1; lastKnownFileType = text.xcconfig; name = "Pods-MannaHouseCheckIn.release.xcconfig"; path = "Target Support Files/Pods-MannaHouseCheckIn/Pods-MannaHouseCheckIn.release.xcconfig"; sourceTree = "<group>"; };
		8ABA12B7F103A724E8C74410 /* Pods-MannaHouseCheckIn.debug.xcconfig */ = {isa = PBXFileReference; includeInIndex = 1; lastKnownFileType = text.xcconfig; name = "Pods-MannaHouseCheckIn.debug.xcconfig"; path = "Target Support Files/Pods-MannaHouseCheckIn/Pods-MannaHouseCheckIn.debug.xcconfig"; sourceTree = "<group>"; };
		C84BCDD98E0B1B57546C4EDB /* Pods_MannaHouseCheckIn.framework */ = {isa = PBXFileReference; explicitFileType = wrapper.framework; includeInIndex = 0; path = Pods_MannaHouseCheckIn.framework; sourceTree = BUILT_PRODUCTS_DIR; };
/* End PBXFileReference section */

/* Begin PBXFrameworksBuildPhase section */
		3F9DE6D322DE660500C33BF1 /* Frameworks */ = {
			isa = PBXFrameworksBuildPhase;
			buildActionMask = 2147483647;
			files = (
				0E41904DB45DBB48F414287E /* Pods_MannaHouseCheckIn.framework in Frameworks */,
			);
			runOnlyForDeploymentPostprocessing = 0;
		};
/* End PBXFrameworksBuildPhase section */

/* Begin PBXGroup section */
		3F9DE6CD22DE660500C33BF1 = {
			isa = PBXGroup;
			children = (
				3F9DE6D822DE660500C33BF1 /* MannaHouseCheckIn */,
				3F9DE6D722DE660500C33BF1 /* Products */,
				77F6D385969F30641FF8B363 /* Pods */,
				A10B25F39411C4DD0B1E784B /* Frameworks */,
			);
			sourceTree = "<group>";
		};
		3F9DE6D722DE660500C33BF1 /* Products */ = {
			isa = PBXGroup;
			children = (
				3F9DE6D622DE660500C33BF1 /* MannaHouseCheckIn.app */,
			);
			name = Products;
			sourceTree = "<group>";
		};
		3F9DE6D822DE660500C33BF1 /* MannaHouseCheckIn */ = {
			isa = PBXGroup;
			children = (
				3F9DE72322E0CF7400C33BF1 /* CustomViews */,
				3F9DE71A22E0C61D00C33BF1 /* Controllers */,
				3F9DE71722E0C5ED00C33BF1 /* Model */,
				3F9DE71622E0C5BC00C33BF1 /* Assit */,
				3F9DE71522E0C59400C33BF1 /* Delegate */,
				3F9DE6F222DE8D3600C33BF1 /* Helpers */,
				3F9DE6EF22DE88C100C33BF1 /* FireStoreFetch */,
				3F9DE6E022DE660700C33BF1 /* Assets.xcassets */,
				3F9DE6E522DE660700C33BF1 /* Info.plist */,
			);
			path = MannaHouseCheckIn;
			sourceTree = "<group>";
		};
		3F9DE6EF22DE88C100C33BF1 /* FireStoreFetch */ = {
			isa = PBXGroup;
			children = (
				3F9DE6F022DE88FB00C33BF1 /* FireStoreFetch.swift */,
			);
			path = FireStoreFetch;
			sourceTree = "<group>";
		};
		3F9DE6F222DE8D3600C33BF1 /* Helpers */ = {
			isa = PBXGroup;
			children = (
				3F9DE6F322DE8D5800C33BF1 /* Anchor.swift */,
				3F9DE6F522DF7BC800C33BF1 /* ColorExtensions.swift */,
				3F9DE71F22E0CE2F00C33BF1 /* HideDefaultNavBar.swift */,
			);
			path = Helpers;
			sourceTree = "<group>";
		};
		3F9DE71522E0C59400C33BF1 /* Delegate */ = {
			isa = PBXGroup;
			children = (
				3F9DE6D922DE660500C33BF1 /* AppDelegate.swift */,
			);
			path = Delegate;
			sourceTree = "<group>";
		};
		3F9DE71622E0C5BC00C33BF1 /* Assit */ = {
			isa = PBXGroup;
			children = (
				3F9DE6DD22DE660500C33BF1 /* Main.storyboard */,
				3F9DE6E222DE660700C33BF1 /* LaunchScreen.storyboard */,
				3F9DE6EB22DE661500C33BF1 /* GoogleService-Info.plist */,
			);
			path = Assit;
			sourceTree = "<group>";
		};
		3F9DE71722E0C5ED00C33BF1 /* Model */ = {
			isa = PBXGroup;
			children = (
				3F9DE6ED22DE754300C33BF1 /* CampusInfo.swift */,
				3F9DE71822E0C60900C33BF1 /* Campus.swift */,
			);
			path = Model;
			sourceTree = "<group>";
		};
		3F9DE71A22E0C61D00C33BF1 /* Controllers */ = {
			isa = PBXGroup;
			children = (
				3F9DE6DB22DE660500C33BF1 /* ViewController.swift */,
				3F9DE71D22E0C9ED00C33BF1 /* MainPage.swift */,
			);
			path = Controllers;
			sourceTree = "<group>";
		};
		3F9DE72322E0CF7400C33BF1 /* CustomViews */ = {
			isa = PBXGroup;
			children = (
				3F9DE72122E0CF6D00C33BF1 /* CustomSegmentedControl.swift */,
			);
			path = CustomViews;
			sourceTree = "<group>";
		};
		77F6D385969F30641FF8B363 /* Pods */ = {
			isa = PBXGroup;
			children = (
				8ABA12B7F103A724E8C74410 /* Pods-MannaHouseCheckIn.debug.xcconfig */,
				5E6526209C6F3E09A4889762 /* Pods-MannaHouseCheckIn.release.xcconfig */,
			);
			path = Pods;
			sourceTree = "<group>";
		};
		A10B25F39411C4DD0B1E784B /* Frameworks */ = {
			isa = PBXGroup;
			children = (
				C84BCDD98E0B1B57546C4EDB /* Pods_MannaHouseCheckIn.framework */,
			);
			name = Frameworks;
			sourceTree = "<group>";
		};
/* End PBXGroup section */

/* Begin PBXNativeTarget section */
		3F9DE6D522DE660500C33BF1 /* MannaHouseCheckIn */ = {
			isa = PBXNativeTarget;
			buildConfigurationList = 3F9DE6E822DE660700C33BF1 /* Build configuration list for PBXNativeTarget "MannaHouseCheckIn" */;
			buildPhases = (
				C7EE8749C63EE819D61BCEB6 /* [CP] Check Pods Manifest.lock */,
				3F9DE6D222DE660500C33BF1 /* Sources */,
				3F9DE6D322DE660500C33BF1 /* Frameworks */,
				3F9DE6D422DE660500C33BF1 /* Resources */,
				7948E9A5E60C71EF789C2504 /* [CP] Embed Pods Frameworks */,
			);
			buildRules = (
			);
			dependencies = (
			);
			name = MannaHouseCheckIn;
			productName = MannaHouseCheckIn;
			productReference = 3F9DE6D622DE660500C33BF1 /* MannaHouseCheckIn.app */;
			productType = "com.apple.product-type.application";
		};
/* End PBXNativeTarget section */

/* Begin PBXProject section */
		3F9DE6CE22DE660500C33BF1 /* Project object */ = {
			isa = PBXProject;
			attributes = {
				LastSwiftUpdateCheck = 1020;
				LastUpgradeCheck = 1020;
				ORGANIZATIONNAME = Jubal;
				TargetAttributes = {
					3F9DE6D522DE660500C33BF1 = {
						CreatedOnToolsVersion = 10.2.1;
					};
				};
			};
			buildConfigurationList = 3F9DE6D122DE660500C33BF1 /* Build configuration list for PBXProject "MannaHouseCheckIn" */;
			compatibilityVersion = "Xcode 9.3";
			developmentRegion = en;
			hasScannedForEncodings = 0;
			knownRegions = (
				en,
				Base,
			);
			mainGroup = 3F9DE6CD22DE660500C33BF1;
			productRefGroup = 3F9DE6D722DE660500C33BF1 /* Products */;
			projectDirPath = "";
			projectRoot = "";
			targets = (
				3F9DE6D522DE660500C33BF1 /* MannaHouseCheckIn */,
			);
		};
/* End PBXProject section */

/* Begin PBXResourcesBuildPhase section */
		3F9DE6D422DE660500C33BF1 /* Resources */ = {
			isa = PBXResourcesBuildPhase;
			buildActionMask = 2147483647;
			files = (
				3F9DE6EC22DE661500C33BF1 /* GoogleService-Info.plist in Resources */,
				3F9DE6E422DE660700C33BF1 /* LaunchScreen.storyboard in Resources */,
				3F9DE6E122DE660700C33BF1 /* Assets.xcassets in Resources */,
				3F9DE6DF22DE660500C33BF1 /* Main.storyboard in Resources */,
			);
			runOnlyForDeploymentPostprocessing = 0;
		};
/* End PBXResourcesBuildPhase section */

/* Begin PBXShellScriptBuildPhase section */
		7948E9A5E60C71EF789C2504 /* [CP] Embed Pods Frameworks */ = {
			isa = PBXShellScriptBuildPhase;
			buildActionMask = 2147483647;
			files = (
			);
			inputFileListPaths = (
				"${PODS_ROOT}/Target Support Files/Pods-MannaHouseCheckIn/Pods-MannaHouseCheckIn-frameworks-${CONFIGURATION}-input-files.xcfilelist",
			);
			name = "[CP] Embed Pods Frameworks";
			outputFileListPaths = (
				"${PODS_ROOT}/Target Support Files/Pods-MannaHouseCheckIn/Pods-MannaHouseCheckIn-frameworks-${CONFIGURATION}-output-files.xcfilelist",
			);
			runOnlyForDeploymentPostprocessing = 0;
			shellPath = /bin/sh;
			shellScript = "\"${PODS_ROOT}/Target Support Files/Pods-MannaHouseCheckIn/Pods-MannaHouseCheckIn-frameworks.sh\"\n";
			showEnvVarsInLog = 0;
		};
		C7EE8749C63EE819D61BCEB6 /* [CP] Check Pods Manifest.lock */ = {
			isa = PBXShellScriptBuildPhase;
			buildActionMask = 2147483647;
			files = (
			);
			inputFileListPaths = (
			);
			inputPaths = (
				"${PODS_PODFILE_DIR_PATH}/Podfile.lock",
				"${PODS_ROOT}/Manifest.lock",
			);
			name = "[CP] Check Pods Manifest.lock";
			outputFileListPaths = (
			);
			outputPaths = (
				"$(DERIVED_FILE_DIR)/Pods-MannaHouseCheckIn-checkManifestLockResult.txt",
			);
			runOnlyForDeploymentPostprocessing = 0;
			shellPath = /bin/sh;
			shellScript = "diff \"${PODS_PODFILE_DIR_PATH}/Podfile.lock\" \"${PODS_ROOT}/Manifest.lock\" > /dev/null\nif [ $? != 0 ] ; then\n    # print error to STDERR\n    echo \"error: The sandbox is not in sync with the Podfile.lock. Run 'pod install' or update your CocoaPods installation.\" >&2\n    exit 1\nfi\n# This output is used by Xcode 'outputs' to avoid re-running this script phase.\necho \"SUCCESS\" > \"${SCRIPT_OUTPUT_FILE_0}\"\n";
			showEnvVarsInLog = 0;
		};
/* End PBXShellScriptBuildPhase section */

/* Begin PBXSourcesBuildPhase section */
		3F9DE6D222DE660500C33BF1 /* Sources */ = {
			isa = PBXSourcesBuildPhase;
			buildActionMask = 2147483647;
			files = (
				3F9DE6F122DE88FB00C33BF1 /* FireStoreFetch.swift in Sources */,
				3F9DE72022E0CE2F00C33BF1 /* HideDefaultNavBar.swift in Sources */,
				3F9DE6F422DE8D5800C33BF1 /* Anchor.swift in Sources */,
				3F9DE6EE22DE754300C33BF1 /* CampusInfo.swift in Sources */,
				3F9DE71E22E0C9ED00C33BF1 /* MainPage.swift in Sources */,
				3F9DE71922E0C60900C33BF1 /* Campus.swift in Sources */,
				3F9DE6DC22DE660500C33BF1 /* ViewController.swift in Sources */,
				3F9DE72222E0CF6D00C33BF1 /* CustomSegmentedControl.swift in Sources */,
				3F9DE6DA22DE660500C33BF1 /* AppDelegate.swift in Sources */,
				3F9DE6F622DF7BC800C33BF1 /* ColorExtensions.swift in Sources */,
			);
			runOnlyForDeploymentPostprocessing = 0;
		};
/* End PBXSourcesBuildPhase section */

/* Begin PBXVariantGroup section */
		3F9DE6DD22DE660500C33BF1 /* Main.storyboard */ = {
			isa = PBXVariantGroup;
			children = (
				3F9DE6DE22DE660500C33BF1 /* Base */,
			);
			name = Main.storyboard;
			sourceTree = "<group>";
		};
		3F9DE6E222DE660700C33BF1 /* LaunchScreen.storyboard */ = {
			isa = PBXVariantGroup;
			children = (
				3F9DE6E322DE660700C33BF1 /* Base */,
			);
			name = LaunchScreen.storyboard;
			sourceTree = "<group>";
		};
/* End PBXVariantGroup section */

/* Begin XCBuildConfiguration section */
		3F9DE6E622DE660700C33BF1 /* Debug */ = {
			isa = XCBuildConfiguration;
			buildSettings = {
				ALWAYS_SEARCH_USER_PATHS = NO;
				CLANG_ANALYZER_NONNULL = YES;
				CLANG_ANALYZER_NUMBER_OBJECT_CONVERSION = YES_AGGRESSIVE;
				CLANG_CXX_LANGUAGE_STANDARD = "gnu++14";
				CLANG_CXX_LIBRARY = "libc++";
				CLANG_ENABLE_MODULES = YES;
				CLANG_ENABLE_OBJC_ARC = YES;
				CLANG_ENABLE_OBJC_WEAK = YES;
				CLANG_WARN_BLOCK_CAPTURE_AUTORELEASING = YES;
				CLANG_WARN_BOOL_CONVERSION = YES;
				CLANG_WARN_COMMA = YES;
				CLANG_WARN_CONSTANT_CONVERSION = YES;
				CLANG_WARN_DEPRECATED_OBJC_IMPLEMENTATIONS = YES;
				CLANG_WARN_DIRECT_OBJC_ISA_USAGE = YES_ERROR;
				CLANG_WARN_DOCUMENTATION_COMMENTS = YES;
				CLANG_WARN_EMPTY_BODY = YES;
				CLANG_WARN_ENUM_CONVERSION = YES;
				CLANG_WARN_INFINITE_RECURSION = YES;
				CLANG_WARN_INT_CONVERSION = YES;
				CLANG_WARN_NON_LITERAL_NULL_CONVERSION = YES;
				CLANG_WARN_OBJC_IMPLICIT_RETAIN_SELF = YES;
				CLANG_WARN_OBJC_LITERAL_CONVERSION = YES;
				CLANG_WARN_OBJC_ROOT_CLASS = YES_ERROR;
				CLANG_WARN_RANGE_LOOP_ANALYSIS = YES;
				CLANG_WARN_STRICT_PROTOTYPES = YES;
				CLANG_WARN_SUSPICIOUS_MOVE = YES;
				CLANG_WARN_UNGUARDED_AVAILABILITY = YES_AGGRESSIVE;
				CLANG_WARN_UNREACHABLE_CODE = YES;
				CLANG_WARN__DUPLICATE_METHOD_MATCH = YES;
				CODE_SIGN_IDENTITY = "iPhone Developer";
				COPY_PHASE_STRIP = NO;
				DEBUG_INFORMATION_FORMAT = dwarf;
				ENABLE_STRICT_OBJC_MSGSEND = YES;
				ENABLE_TESTABILITY = YES;
				GCC_C_LANGUAGE_STANDARD = gnu11;
				GCC_DYNAMIC_NO_PIC = NO;
				GCC_NO_COMMON_BLOCKS = YES;
				GCC_OPTIMIZATION_LEVEL = 0;
				GCC_PREPROCESSOR_DEFINITIONS = (
					"DEBUG=1",
					"$(inherited)",
				);
				GCC_WARN_64_TO_32_BIT_CONVERSION = YES;
				GCC_WARN_ABOUT_RETURN_TYPE = YES_ERROR;
				GCC_WARN_UNDECLARED_SELECTOR = YES;
				GCC_WARN_UNINITIALIZED_AUTOS = YES_AGGRESSIVE;
				GCC_WARN_UNUSED_FUNCTION = YES;
				GCC_WARN_UNUSED_VARIABLE = YES;
				IPHONEOS_DEPLOYMENT_TARGET = 12.2;
				MTL_ENABLE_DEBUG_INFO = INCLUDE_SOURCE;
				MTL_FAST_MATH = YES;
				ONLY_ACTIVE_ARCH = YES;
				SDKROOT = iphoneos;
				SWIFT_ACTIVE_COMPILATION_CONDITIONS = DEBUG;
				SWIFT_OPTIMIZATION_LEVEL = "-Onone";
			};
			name = Debug;
		};
		3F9DE6E722DE660700C33BF1 /* Release */ = {
			isa = XCBuildConfiguration;
			buildSettings = {
				ALWAYS_SEARCH_USER_PATHS = NO;
				CLANG_ANALYZER_NONNULL = YES;
				CLANG_ANALYZER_NUMBER_OBJECT_CONVERSION = YES_AGGRESSIVE;
				CLANG_CXX_LANGUAGE_STANDARD = "gnu++14";
				CLANG_CXX_LIBRARY = "libc++";
				CLANG_ENABLE_MODULES = YES;
				CLANG_ENABLE_OBJC_ARC = YES;
				CLANG_ENABLE_OBJC_WEAK = YES;
				CLANG_WARN_BLOCK_CAPTURE_AUTORELEASING = YES;
				CLANG_WARN_BOOL_CONVERSION = YES;
				CLANG_WARN_COMMA = YES;
				CLANG_WARN_CONSTANT_CONVERSION = YES;
				CLANG_WARN_DEPRECATED_OBJC_IMPLEMENTATIONS = YES;
				CLANG_WARN_DIRECT_OBJC_ISA_USAGE = YES_ERROR;
				CLANG_WARN_DOCUMENTATION_COMMENTS = YES;
				CLANG_WARN_EMPTY_BODY = YES;
				CLANG_WARN_ENUM_CONVERSION = YES;
				CLANG_WARN_INFINITE_RECURSION = YES;
				CLANG_WARN_INT_CONVERSION = YES;
				CLANG_WARN_NON_LITERAL_NULL_CONVERSION = YES;
				CLANG_WARN_OBJC_IMPLICIT_RETAIN_SELF = YES;
				CLANG_WARN_OBJC_LITERAL_CONVERSION = YES;
				CLANG_WARN_OBJC_ROOT_CLASS = YES_ERROR;
				CLANG_WARN_RANGE_LOOP_ANALYSIS = YES;
				CLANG_WARN_STRICT_PROTOTYPES = YES;
				CLANG_WARN_SUSPICIOUS_MOVE = YES;
				CLANG_WARN_UNGUARDED_AVAILABILITY = YES_AGGRESSIVE;
				CLANG_WARN_UNREACHABLE_CODE = YES;
				CLANG_WARN__DUPLICATE_METHOD_MATCH = YES;
				CODE_SIGN_IDENTITY = "iPhone Developer";
				COPY_PHASE_STRIP = NO;
				DEBUG_INFORMATION_FORMAT = "dwarf-with-dsym";
				ENABLE_NS_ASSERTIONS = NO;
				ENABLE_STRICT_OBJC_MSGSEND = YES;
				GCC_C_LANGUAGE_STANDARD = gnu11;
				GCC_NO_COMMON_BLOCKS = YES;
				GCC_WARN_64_TO_32_BIT_CONVERSION = YES;
				GCC_WARN_ABOUT_RETURN_TYPE = YES_ERROR;
				GCC_WARN_UNDECLARED_SELECTOR = YES;
				GCC_WARN_UNINITIALIZED_AUTOS = YES_AGGRESSIVE;
				GCC_WARN_UNUSED_FUNCTION = YES;
				GCC_WARN_UNUSED_VARIABLE = YES;
				IPHONEOS_DEPLOYMENT_TARGET = 12.2;
				MTL_ENABLE_DEBUG_INFO = NO;
				MTL_FAST_MATH = YES;
				SDKROOT = iphoneos;
				SWIFT_COMPILATION_MODE = wholemodule;
				SWIFT_OPTIMIZATION_LEVEL = "-O";
				VALIDATE_PRODUCT = YES;
			};
			name = Release;
		};
		3F9DE6E922DE660700C33BF1 /* Debug */ = {
			isa = XCBuildConfiguration;
			baseConfigurationReference = 8ABA12B7F103A724E8C74410 /* Pods-MannaHouseCheckIn.debug.xcconfig */;
			buildSettings = {
				ASSETCATALOG_COMPILER_APPICON_NAME = AppIcon;
				CODE_SIGN_STYLE = Automatic;
				DEVELOPMENT_TEAM = R2L6YCMQK7;
				INFOPLIST_FILE = MannaHouseCheckIn/Info.plist;
				LD_RUNPATH_SEARCH_PATHS = (
					"$(inherited)",
					"@executable_path/Frameworks",
				);
				PRODUCT_BUNDLE_IDENTIFIER = com.jubalthang.MannaHouseCheckIn;
				PRODUCT_NAME = "$(TARGET_NAME)";
				SWIFT_VERSION = 5.0;
				TARGETED_DEVICE_FAMILY = "1,2";
			};
			name = Debug;
		};
		3F9DE6EA22DE660700C33BF1 /* Release */ = {
			isa = XCBuildConfiguration;
			baseConfigurationReference = 5E6526209C6F3E09A4889762 /* Pods-MannaHouseCheckIn.release.xcconfig */;
			buildSettings = {
				ASSETCATALOG_COMPILER_APPICON_NAME = AppIcon;
				CODE_SIGN_STYLE = Automatic;
				DEVELOPMENT_TEAM = R2L6YCMQK7;
				INFOPLIST_FILE = MannaHouseCheckIn/Info.plist;
				LD_RUNPATH_SEARCH_PATHS = (
					"$(inherited)",
					"@executable_path/Frameworks",
				);
				PRODUCT_BUNDLE_IDENTIFIER = com.jubalthang.MannaHouseCheckIn;
				PRODUCT_NAME = "$(TARGET_NAME)";
				SWIFT_VERSION = 5.0;
				TARGETED_DEVICE_FAMILY = "1,2";
			};
			name = Release;
		};
/* End XCBuildConfiguration section */

/* Begin XCConfigurationList section */
		3F9DE6D122DE660500C33BF1 /* Build configuration list for PBXProject "MannaHouseCheckIn" */ = {
			isa = XCConfigurationList;
			buildConfigurations = (
				3F9DE6E622DE660700C33BF1 /* Debug */,
				3F9DE6E722DE660700C33BF1 /* Release */,
			);
			defaultConfigurationIsVisible = 0;
			defaultConfigurationName = Release;
		};
		3F9DE6E822DE660700C33BF1 /* Build configuration list for PBXNativeTarget "MannaHouseCheckIn" */ = {
			isa = XCConfigurationList;
			buildConfigurations = (
				3F9DE6E922DE660700C33BF1 /* Debug */,
				3F9DE6EA22DE660700C33BF1 /* Release */,
			);
			defaultConfigurationIsVisible = 0;
			defaultConfigurationName = Release;
		};
/* End XCConfigurationList section */
	};
	rootObject = 3F9DE6CE22DE660500C33BF1 /* Project object */;
}
